// !$*UTF8*$!
{
	archiveVersion = 1;
	classes = {
	};
	objectVersion = 48;
	objects = {

/* Begin PBXBuildFile section */
		6840985D2194A65500F1E265 /* AppDelegate.swift in Sources */ = {isa = PBXBuildFile; fileRef = 6840985C2194A65500F1E265 /* AppDelegate.swift */; };
		6840985F2194A65500F1E265 /* TodoListViewController.swift in Sources */ = {isa = PBXBuildFile; fileRef = 6840985E2194A65500F1E265 /* TodoListViewController.swift */; };
		684098622194A65500F1E265 /* Main.storyboard in Resources */ = {isa = PBXBuildFile; fileRef = 684098602194A65500F1E265 /* Main.storyboard */; };
		684098642194A65500F1E265 /* Assets.xcassets in Resources */ = {isa = PBXBuildFile; fileRef = 684098632194A65500F1E265 /* Assets.xcassets */; };
		684098672194A65500F1E265 /* LaunchScreen.storyboard in Resources */ = {isa = PBXBuildFile; fileRef = 684098652194A65500F1E265 /* LaunchScreen.storyboard */; };
		684098712194D25400F1E265 /* Item.swift in Sources */ = {isa = PBXBuildFile; fileRef = 684098702194D25400F1E265 /* Item.swift */; };
		684098772194D5EB00F1E265 /* Default-568h@2x.png in Resources */ = {isa = PBXBuildFile; fileRef = 684098762194D5EB00F1E265 /* Default-568h@2x.png */; };
/* End PBXBuildFile section */

/* Begin PBXFileReference section */
		684098592194A65500F1E265 /* Todoey2.app */ = {isa = PBXFileReference; explicitFileType = wrapper.application; includeInIndex = 0; path = Todoey2.app; sourceTree = BUILT_PRODUCTS_DIR; };
		6840985C2194A65500F1E265 /* AppDelegate.swift */ = {isa = PBXFileReference; lastKnownFileType = sourcecode.swift; path = AppDelegate.swift; sourceTree = "<group>"; };
		6840985E2194A65500F1E265 /* TodoListViewController.swift */ = {isa = PBXFileReference; lastKnownFileType = sourcecode.swift; path = TodoListViewController.swift; sourceTree = "<group>"; };
		684098612194A65500F1E265 /* Base */ = {isa = PBXFileReference; lastKnownFileType = file.storyboard; name = Base; path = Base.lproj/Main.storyboard; sourceTree = "<group>"; };
		684098632194A65500F1E265 /* Assets.xcassets */ = {isa = PBXFileReference; lastKnownFileType = folder.assetcatalog; path = Assets.xcassets; sourceTree = "<group>"; };
		684098662194A65500F1E265 /* Base */ = {isa = PBXFileReference; lastKnownFileType = file.storyboard; name = Base; path = Base.lproj/LaunchScreen.storyboard; sourceTree = "<group>"; };
		684098702194D25400F1E265 /* Item.swift */ = {isa = PBXFileReference; lastKnownFileType = sourcecode.swift; path = Item.swift; sourceTree = "<group>"; };
		684098762194D5EB00F1E265 /* Default-568h@2x.png */ = {isa = PBXFileReference; lastKnownFileType = image.png; path = "Default-568h@2x.png"; sourceTree = "<group>"; };
		6840987C2194DBDA00F1E265 /* Info.plist */ = {isa = PBXFileReference; fileEncoding = 4; lastKnownFileType = text.plist.xml; name = Info.plist; path = Todoey2/Info.plist; sourceTree = "<group>"; };
/* End PBXFileReference section */

/* Begin PBXFrameworksBuildPhase section */
		684098562194A65500F1E265 /* Frameworks */ = {
			isa = PBXFrameworksBuildPhase;
			buildActionMask = 2147483647;
			files = (
			);
			runOnlyForDeploymentPostprocessing = 0;
		};
/* End PBXFrameworksBuildPhase section */

/* Begin PBXGroup section */
		684098502194A65500F1E265 = {
			isa = PBXGroup;
			children = (
				684098762194D5EB00F1E265 /* Default-568h@2x.png */,
				6840985B2194A65500F1E265 /* Todoey2 */,
				6840987C2194DBDA00F1E265 /* Info.plist */,
				6840985A2194A65500F1E265 /* Products */,
			);
			sourceTree = "<group>";
		};
		6840985A2194A65500F1E265 /* Products */ = {
			isa = PBXGroup;
			children = (
				684098592194A65500F1E265 /* Todoey2.app */,
			);
			name = Products;
			sourceTree = "<group>";
		};
		6840985B2194A65500F1E265 /* Todoey2 */ = {
			isa = PBXGroup;
			children = (
				6840985C2194A65500F1E265 /* AppDelegate.swift */,
				684098732194D2A500F1E265 /* Controllers */,
				684098722194D26F00F1E265 /* Data Model */,
				684098742194D2CB00F1E265 /* Views */,
				684098752194D2EC00F1E265 /* Supporting Files */,
			);
			path = Todoey2;
			sourceTree = "<group>";
		};
		684098722194D26F00F1E265 /* Data Model */ = {
			isa = PBXGroup;
			children = (
				684098702194D25400F1E265 /* Item.swift */,
			);
			path = "Data Model";
			sourceTree = "<group>";
		};
		684098732194D2A500F1E265 /* Controllers */ = {
			isa = PBXGroup;
			children = (
				6840985E2194A65500F1E265 /* TodoListViewController.swift */,
			);
			path = Controllers;
			sourceTree = "<group>";
		};
		684098742194D2CB00F1E265 /* Views */ = {
			isa = PBXGroup;
			children = (
				684098602194A65500F1E265 /* Main.storyboard */,
			);
			path = Views;
			sourceTree = "<group>";
		};
		684098752194D2EC00F1E265 /* Supporting Files */ = {
			isa = PBXGroup;
			children = (
				684098632194A65500F1E265 /* Assets.xcassets */,
				684098652194A65500F1E265 /* LaunchScreen.storyboard */,
			);
			path = "Supporting Files";
			sourceTree = "<group>";
		};
/* End PBXGroup section */

/* Begin PBXNativeTarget section */
		684098582194A65500F1E265 /* Todoey2 */ = {
			isa = PBXNativeTarget;
			buildConfigurationList = 6840986B2194A65500F1E265 /* Build configuration list for PBXNativeTarget "Todoey2" */;
			buildPhases = (
				684098552194A65500F1E265 /* Sources */,
				684098562194A65500F1E265 /* Frameworks */,
				684098572194A65500F1E265 /* Resources */,
			);
			buildRules = (
			);
			dependencies = (
			);
			name = Todoey2;
			productName = Todoey2;
			productReference = 684098592194A65500F1E265 /* Todoey2.app */;
			productType = "com.apple.product-type.application";
		};
/* End PBXNativeTarget section */

/* Begin PBXProject section */
		684098512194A65500F1E265 /* Project object */ = {
			isa = PBXProject;
			attributes = {
				LastSwiftUpdateCheck = 0920;
				LastUpgradeCheck = 0920;
				ORGANIZATIONNAME = Groups;
				TargetAttributes = {
					684098582194A65500F1E265 = {
						CreatedOnToolsVersion = 9.2;
						ProvisioningStyle = Automatic;
					};
				};
			};
			buildConfigurationList = 684098542194A65500F1E265 /* Build configuration list for PBXProject "Todoey2" */;
			compatibilityVersion = "Xcode 8.0";
			developmentRegion = en;
			hasScannedForEncodings = 0;
			knownRegions = (
				en,
				Base,
			);
			mainGroup = 684098502194A65500F1E265;
			productRefGroup = 6840985A2194A65500F1E265 /* Products */;
			projectDirPath = "";
			projectRoot = "";
			targets = (
				684098582194A65500F1E265 /* Todoey2 */,
			);
		};
/* End PBXProject section */

/* Begin PBXResourcesBuildPhase section */
		684098572194A65500F1E265 /* Resources */ = {
			isa = PBXResourcesBuildPhase;
			buildActionMask = 2147483647;
			files = (
				684098672194A65500F1E265 /* LaunchScreen.storyboard in Resources */,
				684098772194D5EB00F1E265 /* Default-568h@2x.png in Resources */,
				684098642194A65500F1E265 /* Assets.xcassets in Resources */,
				684098622194A65500F1E265 /* Main.storyboard in Resources */,
			);
			runOnlyForDeploymentPostprocessing = 0;
		};
/* End PBXResourcesBuildPhase section */

/* Begin PBXSourcesBuildPhase section */
		684098552194A65500F1E265 /* Sources */ = {
			isa = PBXSourcesBuildPhase;
			buildActionMask = 2147483647;
			files = (
				6840985F2194A65500F1E265 /* TodoListViewController.swift in Sources */,
				684098712194D25400F1E265 /* Item.swift in Sources */,
				6840985D2194A65500F1E265 /* AppDelegate.swift in Sources */,
			);
			runOnlyForDeploymentPostprocessing = 0;
		};
/* End PBXSourcesBuildPhase section */

/* Begin PBXVariantGroup section */
		684098602194A65500F1E265 /* Main.storyboard */ = {
			isa = PBXVariantGroup;
			children = (
				684098612194A65500F1E265 /* Base */,
			);
			name = Main.storyboard;
			sourceTree = "<group>";
		};
		684098652194A65500F1E265 /* LaunchScreen.storyboard */ = {
			isa = PBXVariantGroup;
			children = (
				684098662194A65500F1E265 /* Base */,
			);
			name = LaunchScreen.storyboard;
			sourceTree = "<group>";
		};
/* End PBXVariantGroup section */

/* Begin XCBuildConfiguration section */
		684098692194A65500F1E265 /* Debug */ = {
			isa = XCBuildConfiguration;
			buildSettings = {
				ALWAYS_SEARCH_USER_PATHS = NO;
				CLANG_ANALYZER_NONNULL = YES;
				CLANG_ANALYZER_NUMBER_OBJECT_CONVERSION = YES_AGGRESSIVE;
				CLANG_CXX_LANGUAGE_STANDARD = "gnu++14";
				CLANG_CXX_LIBRARY = "libc++";
				CLANG_ENABLE_MODULES = YES;
				CLANG_ENABLE_OBJC_ARC = YES;
				CLANG_WARN_BLOCK_CAPTURE_AUTORELEASING = YES;
				CLANG_WARN_BOOL_CONVERSION = YES;
				CLANG_WARN_COMMA = YES;
				CLANG_WARN_CONSTANT_CONVERSION = YES;
				CLANG_WARN_DIRECT_OBJC_ISA_USAGE = YES_ERROR;
				CLANG_WARN_DOCUMENTATION_COMMENTS = YES;
				CLANG_WARN_EMPTY_BODY = YES;
				CLANG_WARN_ENUM_CONVERSION = YES;
				CLANG_WARN_INFINITE_RECURSION = YES;
				CLANG_WARN_INT_CONVERSION = YES;
				CLANG_WARN_NON_LITERAL_NULL_CONVERSION = YES;
				CLANG_WARN_OBJC_LITERAL_CONVERSION = YES;
				CLANG_WARN_OBJC_ROOT_CLASS = YES_ERROR;
				CLANG_WARN_RANGE_LOOP_ANALYSIS = YES;
				CLANG_WARN_STRICT_PROTOTYPES = YES;
				CLANG_WARN_SUSPICIOUS_MOVE = YES;
				CLANG_WARN_UNGUARDED_AVAILABILITY = YES_AGGRESSIVE;
				CLANG_WARN_UNREACHABLE_CODE = YES;
				CLANG_WARN__DUPLICATE_METHOD_MATCH = YES;
				CODE_SIGN_IDENTITY = "iPhone Developer";
				COPY_PHASE_STRIP = NO;
				DEBUG_INFORMATION_FORMAT = dwarf;
				ENABLE_STRICT_OBJC_MSGSEND = YES;
				ENABLE_TESTABILITY = YES;
				GCC_C_LANGUAGE_STANDARD = gnu11;
				GCC_DYNAMIC_NO_PIC = NO;
				GCC_NO_COMMON_BLOCKS = YES;
				GCC_OPTIMIZATION_LEVEL = 0;
				GCC_PREPROCESSOR_DEFINITIONS = (
					"DEBUG=1",
					"$(inherited)",
				);
				GCC_WARN_64_TO_32_BIT_CONVERSION = YES;
				GCC_WARN_ABOUT_RETURN_TYPE = YES_ERROR;
				GCC_WARN_UNDECLARED_SELECTOR = YES;
				GCC_WARN_UNINITIALIZED_AUTOS = YES_AGGRESSIVE;
				GCC_WARN_UNUSED_FUNCTION = YES;
				GCC_WARN_UNUSED_VARIABLE = YES;
				IPHONEOS_DEPLOYMENT_TARGET = 11.2;
				MTL_ENABLE_DEBUG_INFO = YES;
				ONLY_ACTIVE_ARCH = YES;
				SDKROOT = iphoneos;
				SWIFT_ACTIVE_COMPILATION_CONDITIONS = DEBUG;
				SWIFT_OPTIMIZATION_LEVEL = "-Onone";
			};
			name = Debug;
		};
		6840986A2194A65500F1E265 /* Release */ = {
			isa = XCBuildConfiguration;
			buildSettings = {
				ALWAYS_SEARCH_USER_PATHS = NO;
				CLANG_ANALYZER_NONNULL = YES;
				CLANG_ANALYZER_NUMBER_OBJECT_CONVERSION = YES_AGGRESSIVE;
				CLANG_CXX_LANGUAGE_STANDARD = "gnu++14";
				CLANG_CXX_LIBRARY = "libc++";
				CLANG_ENABLE_MODULES = YES;
				CLANG_ENABLE_OBJC_ARC = YES;
				CLANG_WARN_BLOCK_CAPTURE_AUTORELEASING = YES;
				CLANG_WARN_BOOL_CONVERSION = YES;
				CLANG_WARN_COMMA = YES;
				CLANG_WARN_CONSTANT_CONVERSION = YES;
				CLANG_WARN_DIRECT_OBJC_ISA_USAGE = YES_ERROR;
				CLANG_WARN_DOCUMENTATION_COMMENTS = YES;
				CLANG_WARN_EMPTY_BODY = YES;
				CLANG_WARN_ENUM_CONVERSION = YES;
				CLANG_WARN_INFINITE_RECURSION = YES;
				CLANG_WARN_INT_CONVERSION = YES;
				CLANG_WARN_NON_LITERAL_NULL_CONVERSION = YES;
				CLANG_WARN_OBJC_LITERAL_CONVERSION = YES;
				CLANG_WARN_OBJC_ROOT_CLASS = YES_ERROR;
				CLANG_WARN_RANGE_LOOP_ANALYSIS = YES;
				CLANG_WARN_STRICT_PROTOTYPES = YES;
				CLANG_WARN_SUSPICIOUS_MOVE = YES;
				CLANG_WARN_UNGUARDED_AVAILABILITY = YES_AGGRESSIVE;
				CLANG_WARN_UNREACHABLE_CODE = YES;
				CLANG_WARN__DUPLICATE_METHOD_MATCH = YES;
				CODE_SIGN_IDENTITY = "iPhone Developer";
				COPY_PHASE_STRIP = NO;
				DEBUG_INFORMATION_FORMAT = "dwarf-with-dsym";
				ENABLE_NS_ASSERTIONS = NO;
				ENABLE_STRICT_OBJC_MSGSEND = YES;
				GCC_C_LANGUAGE_STANDARD = gnu11;
				GCC_NO_COMMON_BLOCKS = YES;
				GCC_WARN_64_TO_32_BIT_CONVERSION = YES;
				GCC_WARN_ABOUT_RETURN_TYPE = YES_ERROR;
				GCC_WARN_UNDECLARED_SELECTOR = YES;
				GCC_WARN_UNINITIALIZED_AUTOS = YES_AGGRESSIVE;
				GCC_WARN_UNUSED_FUNCTION = YES;
				GCC_WARN_UNUSED_VARIABLE = YES;
				IPHONEOS_DEPLOYMENT_TARGET = 11.2;
				MTL_ENABLE_DEBUG_INFO = NO;
				SDKROOT = iphoneos;
				SWIFT_OPTIMIZATION_LEVEL = "-Owholemodule";
				VALIDATE_PRODUCT = YES;
			};
			name = Release;
		};
		6840986C2194A65500F1E265 /* Debug */ = {
			isa = XCBuildConfiguration;
			buildSettings = {
				ASSETCATALOG_COMPILER_APPICON_NAME = AppIcon;
				CODE_SIGN_STYLE = Automatic;
				DEVELOPMENT_TEAM = P626RC5QFH;
				INFOPLIST_FILE = Todoey2/Info.plist;
				LD_RUNPATH_SEARCH_PATHS = "$(inherited) @executable_path/Frameworks";
				PRODUCT_BUNDLE_IDENTIFIER = com.Groups.Todoey2;
				PRODUCT_NAME = "$(TARGET_NAME)";
				SWIFT_VERSION = 4.0;
				TARGETED_DEVICE_FAMILY = "1,2";
			};
			name = Debug;
		};
		6840986D2194A65500F1E265 /* Release */ = {
			isa = XCBuildConfiguration;
			buildSettings = {
				ASSETCATALOG_COMPILER_APPICON_NAME = AppIcon;
				CODE_SIGN_STYLE = Automatic;
				DEVELOPMENT_TEAM = P626RC5QFH;
				INFOPLIST_FILE = Todoey2/Info.plist;
				LD_RUNPATH_SEARCH_PATHS = "$(inherited) @executable_path/Frameworks";
				PRODUCT_BUNDLE_IDENTIFIER = com.Groups.Todoey2;
				PRODUCT_NAME = "$(TARGET_NAME)";
				SWIFT_VERSION = 4.0;
				TARGETED_DEVICE_FAMILY = "1,2";
			};
			name = Release;
		};
/* End XCBuildConfiguration section */

/* Begin XCConfigurationList section */
		684098542194A65500F1E265 /* Build configuration list for PBXProject "Todoey2" */ = {
			isa = XCConfigurationList;
			buildConfigurations = (
				684098692194A65500F1E265 /* Debug */,
				6840986A2194A65500F1E265 /* Release */,
			);
			defaultConfigurationIsVisible = 0;
			defaultConfigurationName = Release;
		};
		6840986B2194A65500F1E265 /* Build configuration list for PBXNativeTarget "Todoey2" */ = {
			isa = XCConfigurationList;
			buildConfigurations = (
				6840986C2194A65500F1E265 /* Debug */,
				6840986D2194A65500F1E265 /* Release */,
			);
			defaultConfigurationIsVisible = 0;
			defaultConfigurationName = Release;
		};
/* End XCConfigurationList section */
	};
	rootObject = 684098512194A65500F1E265 /* Project object */;
}
